{
  "originHash" : "541437b916edb6a3b21576151c183a54997842d119a57bb094e3d95b68e26713",
  "pins" : [
    {
      "identity" : "swift-http-structured-headers",
      "kind" : "remoteSourceControl",
      "location" : "https://github.com/apple/swift-http-structured-headers.git",
      "state" : {
        "revision" : "933538faa42c432d385f02e07df0ace7c5ecfc47",
        "version" : "1.7.0"
      }
    }
  ],
  "version" : 3
}
