// !$*UTF8*$!
{
	archiveVersion = 1;
	classes = {
	};
	objectVersion = 50;
	objects = {

/* Begin PBXBuildFile section */
		17D1FF542CAEB6A100F0B8A6 /* ShapesWatchApp Watch App.app in Embed Watch Content */ = {isa = PBXBuildFile; fileRef = 17D1FF532CAEB6A100F0B8A6 /* ShapesWatchApp Watch App.app */; settings = {ATTRIBUTES = (RemoveHeadersOnCopy, ); }; };
		17D1FFDA2CB1A15500F0B8A6 /* Preview Assets.xcassets in Resources */ = {isa = PBXBuildFile; fileRef = 17D1FFD42CB1A15500F0B8A6 /* Preview Assets.xcassets */; };
		17D1FFDB2CB1A15500F0B8A6 /* Assets.xcassets in Resources */ = {isa = PBXBuildFile; fileRef = 17D1FFD62CB1A15500F0B8A6 /* Assets.xcassets */; };
		17D1FFDC2CB1A15500F0B8A6 /* ContentView.swift in Sources */ = {isa = PBXBuildFile; fileRef = 17D1FFD72CB1A15500F0B8A6 /* ContentView.swift */; };
		17D1FFDD2CB1A15500F0B8A6 /* ShapesWatchAppApp.swift in Sources */ = {isa = PBXBuildFile; fileRef = 17D1FFD82CB1A15500F0B8A6 /* ShapesWatchAppApp.swift */; };
		846743E721EFD27A00EEE48A /* Assets.xcassets in Resources */ = {isa = PBXBuildFile; fileRef = 846743E621EFD27A00EEE48A /* Assets.xcassets */; };
		8475651821EFCC4A0094ED94 /* AppDelegate.swift in Sources */ = {isa = PBXBuildFile; fileRef = 8475651721EFCC4A0094ED94 /* AppDelegate.swift */; };
		8475651A21EFCC4A0094ED94 /* ViewController.swift in Sources */ = {isa = PBXBuildFile; fileRef = 8475651921EFCC4A0094ED94 /* ViewController.swift */; };
		8475651D21EFCC4A0094ED94 /* Main.storyboard in Resources */ = {isa = PBXBuildFile; fileRef = 8475651B21EFCC4A0094ED94 /* Main.storyboard */; };
		8475652221EFCC4B0094ED94 /* LaunchScreen.storyboard in Resources */ = {isa = PBXBuildFile; fileRef = 8475652021EFCC4B0094ED94 /* LaunchScreen.storyboard */; };
/* End PBXBuildFile section */

/* Begin PBXContainerItemProxy section */
		17D1FF552CAEB6A100F0B8A6 /* PBXContainerItemProxy */ = {
			isa = PBXContainerItemProxy;
			containerPortal = 8475650C21EFCC4A0094ED94 /* Project object */;
			proxyType = 1;
			remoteGlobalIDString = 17D1FF522CAEB6A100F0B8A6;
			remoteInfo = "ShapesWatchApp Watch App";
		};
/* End PBXContainerItemProxy section */

/* Begin PBXCopyFilesBuildPhase section */
		17D1FF632CAEB6A200F0B8A6 /* Embed Watch Content */ = {
			isa = PBXCopyFilesBuildPhase;
			buildActionMask = 2147483647;
			dstPath = "$(CONTENTS_FOLDER_PATH)/Watch";
			dstSubfolderSpec = 16;
			files = (
				17D1FF542CAEB6A100F0B8A6 /* ShapesWatchApp Watch App.app in Embed Watch Content */,
			);
			name = "Embed Watch Content";
			runOnlyForDeploymentPostprocessing = 0;
		};
		9D2E8011220B1A370045914F /* Embed Frameworks */ = {
			isa = PBXCopyFilesBuildPhase;
			buildActionMask = 2147483647;
			dstPath = "";
			dstSubfolderSpec = 10;
			files = (
			);
			name = "Embed Frameworks";
			runOnlyForDeploymentPostprocessing = 0;
		};
/* End PBXCopyFilesBuildPhase section */

/* Begin PBXFileReference section */
		17D1FF4E2CAEB6A100F0B8A6 /* ShapesWatchApp.app */ = {isa = PBXFileReference; explicitFileType = wrapper.application; includeInIndex = 0; path = ShapesWatchApp.app; sourceTree = BUILT_PRODUCTS_DIR; };
		17D1FF532CAEB6A100F0B8A6 /* ShapesWatchApp Watch App.app */ = {isa = PBXFileReference; explicitFileType = wrapper.application; includeInIndex = 0; path = "ShapesWatchApp Watch App.app"; sourceTree = BUILT_PRODUCTS_DIR; };
		17D1FFD42CB1A15500F0B8A6 /* Preview Assets.xcassets */ = {isa = PBXFileReference; lastKnownFileType = folder.assetcatalog; path = "Preview Assets.xcassets"; sourceTree = "<group>"; };
		17D1FFD62CB1A15500F0B8A6 /* Assets.xcassets */ = {isa = PBXFileReference; lastKnownFileType = folder.assetcatalog; path = Assets.xcassets; sourceTree = "<group>"; };
		17D1FFD72CB1A15500F0B8A6 /* ContentView.swift */ = {isa = PBXFileReference; lastKnownFileType = sourcecode.swift; path = ContentView.swift; sourceTree = "<group>"; };
		17D1FFD82CB1A15500F0B8A6 /* ShapesWatchAppApp.swift */ = {isa = PBXFileReference; lastKnownFileType = sourcecode.swift; path = ShapesWatchAppApp.swift; sourceTree = "<group>"; };
		846743E621EFD27A00EEE48A /* Assets.xcassets */ = {isa = PBXFileReference; lastKnownFileType = folder.assetcatalog; path = Assets.xcassets; sourceTree = "<group>"; };
		8475651421EFCC4A0094ED94 /* ApproovShapes.app */ = {isa = PBXFileReference; explicitFileType = wrapper.application; includeInIndex = 0; path = ApproovShapes.app; sourceTree = BUILT_PRODUCTS_DIR; };
		8475651721EFCC4A0094ED94 /* AppDelegate.swift */ = {isa = PBXFileReference; lastKnownFileType = sourcecode.swift; path = AppDelegate.swift; sourceTree = "<group>"; };
		8475651921EFCC4A0094ED94 /* ViewController.swift */ = {isa = PBXFileReference; lastKnownFileType = sourcecode.swift; path = ViewController.swift; sourceTree = "<group>"; };
		8475651C21EFCC4A0094ED94 /* Base */ = {isa = PBXFileReference; lastKnownFileType = file.storyboard; name = Base; path = Base.lproj/Main.storyboard; sourceTree = "<group>"; };
		8475652121EFCC4B0094ED94 /* Base */ = {isa = PBXFileReference; lastKnownFileType = file.storyboard; name = Base; path = Base.lproj/LaunchScreen.storyboard; sourceTree = "<group>"; };
		8475652321EFCC4B0094ED94 /* Info.plist */ = {isa = PBXFileReference; lastKnownFileType = text.plist.xml; path = Info.plist; sourceTree = "<group>"; };
/* End PBXFileReference section */

/* Begin PBXFrameworksBuildPhase section */
		17D1FF502CAEB6A100F0B8A6 /* Frameworks */ = {
			isa = PBXFrameworksBuildPhase;
			buildActionMask = 2147483647;
			files = (
			);
			runOnlyForDeploymentPostprocessing = 0;
		};
		8475651121EFCC4A0094ED94 /* Frameworks */ = {
			isa = PBXFrameworksBuildPhase;
			buildActionMask = 2147483647;
			files = (
			);
			runOnlyForDeploymentPostprocessing = 0;
		};
/* End PBXFrameworksBuildPhase section */

/* Begin PBXGroup section */
		17D1FFD52CB1A15500F0B8A6 /* Preview Content */ = {
			isa = PBXGroup;
			children = (
				17D1FFD42CB1A15500F0B8A6 /* Preview Assets.xcassets */,
			);
			path = "Preview Content";
			sourceTree = "<group>";
		};
		17D1FFD92CB1A15500F0B8A6 /* ShapesWatchApp Watch App */ = {
			isa = PBXGroup;
			children = (
				17D1FFD52CB1A15500F0B8A6 /* Preview Content */,
				17D1FFD62CB1A15500F0B8A6 /* Assets.xcassets */,
				17D1FFD72CB1A15500F0B8A6 /* ContentView.swift */,
				17D1FFD82CB1A15500F0B8A6 /* ShapesWatchAppApp.swift */,
			);
			path = "ShapesWatchApp Watch App";
			sourceTree = "<group>";
		};
		8475650B21EFCC4A0094ED94 = {
			isa = PBXGroup;
			children = (
				8475651621EFCC4A0094ED94 /* ApproovShapes */,
				17D1FFD92CB1A15500F0B8A6 /* ShapesWatchApp Watch App */,
				8475651521EFCC4A0094ED94 /* Products */,
			);
			sourceTree = "<group>";
		};
		8475651521EFCC4A0094ED94 /* Products */ = {
			isa = PBXGroup;
			children = (
				8475651421EFCC4A0094ED94 /* ApproovShapes.app */,
				17D1FF4E2CAEB6A100F0B8A6 /* ShapesWatchApp.app */,
				17D1FF532CAEB6A100F0B8A6 /* ShapesWatchApp Watch App.app */,
			);
			name = Products;
			sourceTree = "<group>";
		};
		8475651621EFCC4A0094ED94 /* ApproovShapes */ = {
			isa = PBXGroup;
			children = (
				8475651721EFCC4A0094ED94 /* AppDelegate.swift */,
				846743E621EFD27A00EEE48A /* Assets.xcassets */,
				8475652321EFCC4B0094ED94 /* Info.plist */,
				8475652021EFCC4B0094ED94 /* LaunchScreen.storyboard */,
				8475651B21EFCC4A0094ED94 /* Main.storyboard */,
				8475651921EFCC4A0094ED94 /* ViewController.swift */,
			);
			path = ApproovShapes;
			sourceTree = "<group>";
		};
/* End PBXGroup section */

/* Begin PBXNativeTarget section */
		17D1FF4D2CAEB6A100F0B8A6 /* ShapesWatchApp */ = {
			isa = PBXNativeTarget;
			buildConfigurationList = 17D1FF672CAEB6A200F0B8A6 /* Build configuration list for PBXNativeTarget "ShapesWatchApp" */;
			buildPhases = (
				17D1FF4C2CAEB6A100F0B8A6 /* Resources */,
				17D1FF632CAEB6A200F0B8A6 /* Embed Watch Content */,
			);
			buildRules = (
			);
			dependencies = (
				17D1FF562CAEB6A100F0B8A6 /* PBXTargetDependency */,
			);
			name = ShapesWatchApp;
			packageProductDependencies = (
			);
			productName = ShapesWatchApp;
			productReference = 17D1FF4E2CAEB6A100F0B8A6 /* ShapesWatchApp.app */;
			productType = "com.apple.product-type.application.watchapp2-container";
		};
		17D1FF522CAEB6A100F0B8A6 /* ShapesWatchApp Watch App */ = {
			isa = PBXNativeTarget;
			buildConfigurationList = 17D1FF662CAEB6A200F0B8A6 /* Build configuration list for PBXNativeTarget "ShapesWatchApp Watch App" */;
			buildPhases = (
				17D1FF4F2CAEB6A100F0B8A6 /* Sources */,
				17D1FF502CAEB6A100F0B8A6 /* Frameworks */,
				17D1FF512CAEB6A100F0B8A6 /* Resources */,
			);
			buildRules = (
			);
			dependencies = (
			);
			name = "ShapesWatchApp Watch App";
			packageProductDependencies = (
			);
			productName = "ShapesWatchApp Watch App";
			productReference = 17D1FF532CAEB6A100F0B8A6 /* ShapesWatchApp Watch App.app */;
			productType = "com.apple.product-type.application";
		};
		8475651321EFCC4A0094ED94 /* ApproovShapes */ = {
			isa = PBXNativeTarget;
			buildConfigurationList = 8475652621EFCC4B0094ED94 /* Build configuration list for PBXNativeTarget "ApproovShapes" */;
			buildPhases = (
				8475651021EFCC4A0094ED94 /* Sources */,
				8475651121EFCC4A0094ED94 /* Frameworks */,
				8475651221EFCC4A0094ED94 /* Resources */,
				9D2E8011220B1A370045914F /* Embed Frameworks */,
			);
			buildRules = (
			);
			dependencies = (
			);
			name = ApproovShapes;
			productName = "shapes-client";
			productReference = 8475651421EFCC4A0094ED94 /* ApproovShapes.app */;
			productType = "com.apple.product-type.application";
		};
/* End PBXNativeTarget section */

/* Begin PBXProject section */
		8475650C21EFCC4A0094ED94 /* Project object */ = {
			isa = PBXProject;
			attributes = {
				LastSwiftUpdateCheck = 1600;
				LastUpgradeCheck = 1010;
				ORGANIZATIONNAME = Approov;
				TargetAttributes = {
					17D1FF4D2CAEB6A100F0B8A6 = {
						CreatedOnToolsVersion = 16.0;
					};
					17D1FF522CAEB6A100F0B8A6 = {
						CreatedOnToolsVersion = 16.0;
					};
					8475651321EFCC4A0094ED94 = {
						CreatedOnToolsVersion = 10.1;
						LastSwiftMigration = 1130;
					};
				};
			};
			buildConfigurationList = 8475650F21EFCC4A0094ED94 /* Build configuration list for PBXProject "ApproovShapes" */;
			compatibilityVersion = "Xcode 9.3";
			developmentRegion = en;
			hasScannedForEncodings = 0;
			knownRegions = (
				en,
				Base,
			);
			mainGroup = 8475650B21EFCC4A0094ED94;
			productRefGroup = 8475651521EFCC4A0094ED94 /* Products */;
			projectDirPath = "";
			projectRoot = "";
			targets = (
				8475651321EFCC4A0094ED94 /* ApproovShapes */,
				17D1FF4D2CAEB6A100F0B8A6 /* ShapesWatchApp */,
				17D1FF522CAEB6A100F0B8A6 /* ShapesWatchApp Watch App */,
			);
		};
/* End PBXProject section */

/* Begin PBXResourcesBuildPhase section */
		17D1FF4C2CAEB6A100F0B8A6 /* Resources */ = {
			isa = PBXResourcesBuildPhase;
			buildActionMask = 2147483647;
			files = (
			);
			runOnlyForDeploymentPostprocessing = 0;
		};
		17D1FF512CAEB6A100F0B8A6 /* Resources */ = {
			isa = PBXResourcesBuildPhase;
			buildActionMask = 2147483647;
			files = (
				17D1FFDA2CB1A15500F0B8A6 /* Preview Assets.xcassets in Resources */,
				17D1FFDB2CB1A15500F0B8A6 /* Assets.xcassets in Resources */,
			);
			runOnlyForDeploymentPostprocessing = 0;
		};
		8475651221EFCC4A0094ED94 /* Resources */ = {
			isa = PBXResourcesBuildPhase;
			buildActionMask = 2147483647;
			files = (
				8475652221EFCC4B0094ED94 /* LaunchScreen.storyboard in Resources */,
				846743E721EFD27A00EEE48A /* Assets.xcassets in Resources */,
				8475651D21EFCC4A0094ED94 /* Main.storyboard in Resources */,
			);
			runOnlyForDeploymentPostprocessing = 0;
		};
/* End PBXResourcesBuildPhase section */

/* Begin PBXSourcesBuildPhase section */
		17D1FF4F2CAEB6A100F0B8A6 /* Sources */ = {
			isa = PBXSourcesBuildPhase;
			buildActionMask = 2147483647;
			files = (
				17D1FFDC2CB1A15500F0B8A6 /* ContentView.swift in Sources */,
				17D1FFDD2CB1A15500F0B8A6 /* ShapesWatchAppApp.swift in Sources */,
			);
			runOnlyForDeploymentPostprocessing = 0;
		};
		8475651021EFCC4A0094ED94 /* Sources */ = {
			isa = PBXSourcesBuildPhase;
			buildActionMask = 2147483647;
			files = (
				8475651A21EFCC4A0094ED94 /* ViewController.swift in Sources */,
				8475651821EFCC4A0094ED94 /* AppDelegate.swift in Sources */,
			);
			runOnlyForDeploymentPostprocessing = 0;
		};
/* End PBXSourcesBuildPhase section */

/* Begin PBXTargetDependency section */
		17D1FF562CAEB6A100F0B8A6 /* PBXTargetDependency */ = {
			isa = PBXTargetDependency;
			target = 17D1FF522CAEB6A100F0B8A6 /* ShapesWatchApp Watch App */;
			targetProxy = 17D1FF552CAEB6A100F0B8A6 /* PBXContainerItemProxy */;
		};
/* End PBXTargetDependency section */

/* Begin PBXVariantGroup section */
		8475651B21EFCC4A0094ED94 /* Main.storyboard */ = {
			isa = PBXVariantGroup;
			children = (
				8475651C21EFCC4A0094ED94 /* Base */,
			);
			name = Main.storyboard;
			sourceTree = "<group>";
		};
		8475652021EFCC4B0094ED94 /* LaunchScreen.storyboard */ = {
			isa = PBXVariantGroup;
			children = (
				8475652121EFCC4B0094ED94 /* Base */,
			);
			name = LaunchScreen.storyboard;
			sourceTree = "<group>";
		};
/* End PBXVariantGroup section */

/* Begin XCBuildConfiguration section */
		17D1FF612CAEB6A200F0B8A6 /* Debug */ = {
			isa = XCBuildConfiguration;
			buildSettings = {
				ASSETCATALOG_COMPILER_GENERATE_SWIFT_ASSET_SYMBOL_EXTENSIONS = YES;
				CLANG_CXX_LANGUAGE_STANDARD = "gnu++20";
				CLANG_WARN_QUOTED_INCLUDE_IN_FRAMEWORK_HEADER = YES;
				CODE_SIGN_STYLE = Automatic;
				CURRENT_PROJECT_VERSION = 1;
				DEVELOPMENT_TEAM = 653V7L98XW;
				ENABLE_USER_SCRIPT_SANDBOXING = NO;
				GCC_C_LANGUAGE_STANDARD = gnu17;
				INFOPLIST_KEY_CFBundleDisplayName = ShapesWatchApp;
				LOCALIZATION_PREFERS_STRING_CATALOGS = YES;
				MARKETING_VERSION = 1.0;
				PRODUCT_BUNDLE_IDENTIFIER = io.approov.ShapesWatchApp;
				PRODUCT_NAME = "$(TARGET_NAME)";
				SWIFT_ACTIVE_COMPILATION_CONDITIONS = "DEBUG $(inherited)";
				SWIFT_VERSION = 5.0;
			};
			name = Debug;
		};
		17D1FF622CAEB6A200F0B8A6 /* Release */ = {
			isa = XCBuildConfiguration;
			buildSettings = {
				ASSETCATALOG_COMPILER_GENERATE_SWIFT_ASSET_SYMBOL_EXTENSIONS = YES;
				CLANG_CXX_LANGUAGE_STANDARD = "gnu++20";
				CLANG_WARN_QUOTED_INCLUDE_IN_FRAMEWORK_HEADER = YES;
				CODE_SIGN_STYLE = Automatic;
				CURRENT_PROJECT_VERSION = 1;
				DEVELOPMENT_TEAM = 653V7L98XW;
				ENABLE_USER_SCRIPT_SANDBOXING = NO;
				GCC_C_LANGUAGE_STANDARD = gnu17;
				INFOPLIST_KEY_CFBundleDisplayName = ShapesWatchApp;
				LOCALIZATION_PREFERS_STRING_CATALOGS = YES;
				MARKETING_VERSION = 1.0;
				PRODUCT_BUNDLE_IDENTIFIER = io.approov.ShapesWatchApp;
				PRODUCT_NAME = "$(TARGET_NAME)";
				SWIFT_VERSION = 5.0;
			};
			name = Release;
		};
		17D1FF642CAEB6A200F0B8A6 /* Debug */ = {
			isa = XCBuildConfiguration;
			buildSettings = {
				ASSETCATALOG_COMPILER_APPICON_NAME = AppIcon;
				ASSETCATALOG_COMPILER_GENERATE_SWIFT_ASSET_SYMBOL_EXTENSIONS = YES;
				ASSETCATALOG_COMPILER_GLOBAL_ACCENT_COLOR_NAME = AccentColor;
				CLANG_CXX_LANGUAGE_STANDARD = "gnu++20";
				CLANG_WARN_QUOTED_INCLUDE_IN_FRAMEWORK_HEADER = YES;
				CODE_SIGN_STYLE = Automatic;
				CURRENT_PROJECT_VERSION = 1;
				DEVELOPMENT_ASSET_PATHS = "\"ShapesWatchApp Watch App/Preview Content\"";
				DEVELOPMENT_TEAM = 653V7L98XW;
				ENABLE_PREVIEWS = YES;
				ENABLE_USER_SCRIPT_SANDBOXING = NO;
				GCC_C_LANGUAGE_STANDARD = gnu17;
				GENERATE_INFOPLIST_FILE = YES;
				INFOPLIST_KEY_CFBundleDisplayName = ShapesWatchApp;
				INFOPLIST_KEY_UISupportedInterfaceOrientations = "UIInterfaceOrientationPortrait UIInterfaceOrientationPortraitUpsideDown";
				INFOPLIST_KEY_WKWatchOnly = YES;
				LD_RUNPATH_SEARCH_PATHS = (
					"$(inherited)",
					"@executable_path/Frameworks",
				);
				LOCALIZATION_PREFERS_STRING_CATALOGS = YES;
				MARKETING_VERSION = 1.0;
				PRODUCT_BUNDLE_IDENTIFIER = io.approov.ShapesWatchApp.watchkitapp;
				PRODUCT_NAME = "$(TARGET_NAME)";
				SDKROOT = watchos;
				SKIP_INSTALL = YES;
				SWIFT_ACTIVE_COMPILATION_CONDITIONS = "DEBUG $(inherited)";
				SWIFT_EMIT_LOC_STRINGS = YES;
				SWIFT_VERSION = 5.0;
				TARGETED_DEVICE_FAMILY = 4;
				WATCHOS_DEPLOYMENT_TARGET = 8.7;
			};
			name = Debug;
		};
		17D1FF652CAEB6A200F0B8A6 /* Release */ = {
			isa = XCBuildConfiguration;
			buildSettings = {
				ASSETCATALOG_COMPILER_APPICON_NAME = AppIcon;
				ASSETCATALOG_COMPILER_GENERATE_SWIFT_ASSET_SYMBOL_EXTENSIONS = YES;
				ASSETCATALOG_COMPILER_GLOBAL_ACCENT_COLOR_NAME = AccentColor;
				CLANG_CXX_LANGUAGE_STANDARD = "gnu++20";
				CLANG_WARN_QUOTED_INCLUDE_IN_FRAMEWORK_HEADER = YES;
				CODE_SIGN_STYLE = Automatic;
				CURRENT_PROJECT_VERSION = 1;
				DEVELOPMENT_ASSET_PATHS = "\"ShapesWatchApp Watch App/Preview Content\"";
				DEVELOPMENT_TEAM = 653V7L98XW;
				ENABLE_PREVIEWS = YES;
				ENABLE_USER_SCRIPT_SANDBOXING = NO;
				GCC_C_LANGUAGE_STANDARD = gnu17;
				GENERATE_INFOPLIST_FILE = YES;
				INFOPLIST_KEY_CFBundleDisplayName = ShapesWatchApp;
				INFOPLIST_KEY_UISupportedInterfaceOrientations = "UIInterfaceOrientationPortrait UIInterfaceOrientationPortraitUpsideDown";
				INFOPLIST_KEY_WKWatchOnly = YES;
				LD_RUNPATH_SEARCH_PATHS = (
					"$(inherited)",
					"@executable_path/Frameworks",
				);
				LOCALIZATION_PREFERS_STRING_CATALOGS = YES;
				MARKETING_VERSION = 1.0;
				PRODUCT_BUNDLE_IDENTIFIER = io.approov.ShapesWatchApp.watchkitapp;
				PRODUCT_NAME = "$(TARGET_NAME)";
				SDKROOT = watchos;
				SKIP_INSTALL = YES;
				SWIFT_EMIT_LOC_STRINGS = YES;
				SWIFT_VERSION = 5.0;
				TARGETED_DEVICE_FAMILY = 4;
				WATCHOS_DEPLOYMENT_TARGET = 8.7;
			};
			name = Release;
		};
		8475652421EFCC4B0094ED94 /* Debug */ = {
			isa = XCBuildConfiguration;
			buildSettings = {
				ALWAYS_SEARCH_USER_PATHS = NO;
				CLANG_ANALYZER_NONNULL = YES;
				CLANG_ANALYZER_NUMBER_OBJECT_CONVERSION = YES_AGGRESSIVE;
				CLANG_CXX_LANGUAGE_STANDARD = "gnu++14";
				CLANG_CXX_LIBRARY = "libc++";
				CLANG_ENABLE_MODULES = YES;
				CLANG_ENABLE_OBJC_ARC = YES;
				CLANG_ENABLE_OBJC_WEAK = YES;
				CLANG_WARN_BLOCK_CAPTURE_AUTORELEASING = YES;
				CLANG_WARN_BOOL_CONVERSION = YES;
				CLANG_WARN_COMMA = YES;
				CLANG_WARN_CONSTANT_CONVERSION = YES;
				CLANG_WARN_DEPRECATED_OBJC_IMPLEMENTATIONS = YES;
				CLANG_WARN_DIRECT_OBJC_ISA_USAGE = YES_ERROR;
				CLANG_WARN_DOCUMENTATION_COMMENTS = YES;
				CLANG_WARN_EMPTY_BODY = YES;
				CLANG_WARN_ENUM_CONVERSION = YES;
				CLANG_WARN_INFINITE_RECURSION = YES;
				CLANG_WARN_INT_CONVERSION = YES;
				CLANG_WARN_NON_LITERAL_NULL_CONVERSION = YES;
				CLANG_WARN_OBJC_IMPLICIT_RETAIN_SELF = YES;
				CLANG_WARN_OBJC_LITERAL_CONVERSION = YES;
				CLANG_WARN_OBJC_ROOT_CLASS = YES_ERROR;
				CLANG_WARN_RANGE_LOOP_ANALYSIS = YES;
				CLANG_WARN_STRICT_PROTOTYPES = YES;
				CLANG_WARN_SUSPICIOUS_MOVE = YES;
				CLANG_WARN_UNGUARDED_AVAILABILITY = YES_AGGRESSIVE;
				CLANG_WARN_UNREACHABLE_CODE = YES;
				CLANG_WARN__DUPLICATE_METHOD_MATCH = YES;
				CODE_SIGN_IDENTITY = "iPhone Developer";
				COPY_PHASE_STRIP = NO;
				DEBUG_INFORMATION_FORMAT = dwarf;
				ENABLE_STRICT_OBJC_MSGSEND = YES;
				ENABLE_TESTABILITY = YES;
				GCC_C_LANGUAGE_STANDARD = gnu11;
				GCC_DYNAMIC_NO_PIC = NO;
				GCC_NO_COMMON_BLOCKS = YES;
				GCC_OPTIMIZATION_LEVEL = 0;
				GCC_PREPROCESSOR_DEFINITIONS = (
					"DEBUG=1",
					"$(inherited)",
				);
				GCC_WARN_64_TO_32_BIT_CONVERSION = YES;
				GCC_WARN_ABOUT_RETURN_TYPE = YES_ERROR;
				GCC_WARN_UNDECLARED_SELECTOR = YES;
				GCC_WARN_UNINITIALIZED_AUTOS = YES_AGGRESSIVE;
				GCC_WARN_UNUSED_FUNCTION = YES;
				GCC_WARN_UNUSED_VARIABLE = YES;
				IPHONEOS_DEPLOYMENT_TARGET = 12.0;
				MTL_ENABLE_DEBUG_INFO = INCLUDE_SOURCE;
				MTL_FAST_MATH = YES;
				ONLY_ACTIVE_ARCH = YES;
				OTHER_LDFLAGS = "$(inherited)";
				SDKROOT = iphoneos;
				SWIFT_ACTIVE_COMPILATION_CONDITIONS = DEBUG;
				SWIFT_OPTIMIZATION_LEVEL = "-Onone";
			};
			name = Debug;
		};
		8475652521EFCC4B0094ED94 /* Release */ = {
			isa = XCBuildConfiguration;
			buildSettings = {
				ALWAYS_SEARCH_USER_PATHS = NO;
				CLANG_ANALYZER_NONNULL = YES;
				CLANG_ANALYZER_NUMBER_OBJECT_CONVERSION = YES_AGGRESSIVE;
				CLANG_CXX_LANGUAGE_STANDARD = "gnu++14";
				CLANG_CXX_LIBRARY = "libc++";
				CLANG_ENABLE_MODULES = YES;
				CLANG_ENABLE_OBJC_ARC = YES;
				CLANG_ENABLE_OBJC_WEAK = YES;
				CLANG_WARN_BLOCK_CAPTURE_AUTORELEASING = YES;
				CLANG_WARN_BOOL_CONVERSION = YES;
				CLANG_WARN_COMMA = YES;
				CLANG_WARN_CONSTANT_CONVERSION = YES;
				CLANG_WARN_DEPRECATED_OBJC_IMPLEMENTATIONS = YES;
				CLANG_WARN_DIRECT_OBJC_ISA_USAGE = YES_ERROR;
				CLANG_WARN_DOCUMENTATION_COMMENTS = YES;
				CLANG_WARN_EMPTY_BODY = YES;
				CLANG_WARN_ENUM_CONVERSION = YES;
				CLANG_WARN_INFINITE_RECURSION = YES;
				CLANG_WARN_INT_CONVERSION = YES;
				CLANG_WARN_NON_LITERAL_NULL_CONVERSION = YES;
				CLANG_WARN_OBJC_IMPLICIT_RETAIN_SELF = YES;
				CLANG_WARN_OBJC_LITERAL_CONVERSION = YES;
				CLANG_WARN_OBJC_ROOT_CLASS = YES_ERROR;
				CLANG_WARN_RANGE_LOOP_ANALYSIS = YES;
				CLANG_WARN_STRICT_PROTOTYPES = YES;
				CLANG_WARN_SUSPICIOUS_MOVE = YES;
				CLANG_WARN_UNGUARDED_AVAILABILITY = YES_AGGRESSIVE;
				CLANG_WARN_UNREACHABLE_CODE = YES;
				CLANG_WARN__DUPLICATE_METHOD_MATCH = YES;
				CODE_SIGN_IDENTITY = "iPhone Developer";
				COPY_PHASE_STRIP = NO;
				DEBUG_INFORMATION_FORMAT = "dwarf-with-dsym";
				ENABLE_NS_ASSERTIONS = NO;
				ENABLE_STRICT_OBJC_MSGSEND = YES;
				GCC_C_LANGUAGE_STANDARD = gnu11;
				GCC_NO_COMMON_BLOCKS = YES;
				GCC_WARN_64_TO_32_BIT_CONVERSION = YES;
				GCC_WARN_ABOUT_RETURN_TYPE = YES_ERROR;
				GCC_WARN_UNDECLARED_SELECTOR = YES;
				GCC_WARN_UNINITIALIZED_AUTOS = YES_AGGRESSIVE;
				GCC_WARN_UNUSED_FUNCTION = YES;
				GCC_WARN_UNUSED_VARIABLE = YES;
				IPHONEOS_DEPLOYMENT_TARGET = 12.0;
				MTL_ENABLE_DEBUG_INFO = NO;
				MTL_FAST_MATH = YES;
				OTHER_LDFLAGS = "$(inherited)";
				SDKROOT = iphoneos;
				SWIFT_COMPILATION_MODE = wholemodule;
				SWIFT_OPTIMIZATION_LEVEL = "-O";
				VALIDATE_PRODUCT = YES;
			};
			name = Release;
		};
		8475652721EFCC4B0094ED94 /* Debug */ = {
			isa = XCBuildConfiguration;
			buildSettings = {
				ASSETCATALOG_COMPILER_APPICON_NAME = AppIcon;
				CLANG_ENABLE_MODULES = YES;
				CODE_SIGN_IDENTITY = "iPhone Developer";
				CODE_SIGN_STYLE = Automatic;
				DEVELOPMENT_TEAM = 653V7L98XW;
				ENABLE_BITCODE = NO;
				FRAMEWORK_SEARCH_PATHS = (
					"$(inherited)",
					"$(PROJECT_DIR)",
					"$(PROJECT_DIR)/ApproovShapes",
				);
				INFOPLIST_FILE = "$(SRCROOT)/ApproovShapes/Info.plist";
				IPHONEOS_DEPLOYMENT_TARGET = 12.0;
				LD_RUNPATH_SEARCH_PATHS = (
					"$(inherited)",
					"@executable_path/Frameworks",
				);
				OTHER_LDFLAGS = "-ObjC";
				PRODUCT_BUNDLE_IDENTIFIER = ios.swift.shapes.demo.approov.io;
				PRODUCT_NAME = "$(TARGET_NAME)";
				PROVISIONING_PROFILE_SPECIFIER = "";
				SWIFT_INSTALL_OBJC_HEADER = NO;
				SWIFT_OBJC_BRIDGING_HEADER = "";
				SWIFT_OPTIMIZATION_LEVEL = "-Onone";
				SWIFT_PRECOMPILE_BRIDGING_HEADER = NO;
				SWIFT_VERSION = 5.0;
				TARGETED_DEVICE_FAMILY = "1,2";
			};
			name = Debug;
		};
		8475652821EFCC4B0094ED94 /* Release */ = {
			isa = XCBuildConfiguration;
			buildSettings = {
				ASSETCATALOG_COMPILER_APPICON_NAME = AppIcon;
				CLANG_ENABLE_MODULES = YES;
				CODE_SIGN_IDENTITY = "iPhone Developer";
				CODE_SIGN_STYLE = Automatic;
				DEVELOPMENT_TEAM = 653V7L98XW;
				ENABLE_BITCODE = NO;
				FRAMEWORK_SEARCH_PATHS = (
					"$(inherited)",
					"$(PROJECT_DIR)",
					"$(PROJECT_DIR)/ApproovShapes",
				);
				INFOPLIST_FILE = "$(SRCROOT)/ApproovShapes/Info.plist";
				IPHONEOS_DEPLOYMENT_TARGET = 12.0;
				LD_RUNPATH_SEARCH_PATHS = (
					"$(inherited)",
					"@executable_path/Frameworks",
				);
				OTHER_LDFLAGS = "-ObjC";
				PRODUCT_BUNDLE_IDENTIFIER = ios.swift.shapes.demo.approov.io;
				PRODUCT_NAME = "$(TARGET_NAME)";
				PROVISIONING_PROFILE_SPECIFIER = "";
				SWIFT_INSTALL_OBJC_HEADER = NO;
				SWIFT_OBJC_BRIDGING_HEADER = "";
				SWIFT_PRECOMPILE_BRIDGING_HEADER = NO;
				SWIFT_VERSION = 5.0;
				TARGETED_DEVICE_FAMILY = "1,2";
			};
			name = Release;
		};
/* End XCBuildConfiguration section */

/* Begin XCConfigurationList section */
		17D1FF662CAEB6A200F0B8A6 /* Build configuration list for PBXNativeTarget "ShapesWatchApp Watch App" */ = {
			isa = XCConfigurationList;
			buildConfigurations = (
				17D1FF642CAEB6A200F0B8A6 /* Debug */,
				17D1FF652CAEB6A200F0B8A6 /* Release */,
			);
			defaultConfigurationIsVisible = 0;
			defaultConfigurationName = Release;
		};
		17D1FF672CAEB6A200F0B8A6 /* Build configuration list for PBXNativeTarget "ShapesWatchApp" */ = {
			isa = XCConfigurationList;
			buildConfigurations = (
				17D1FF612CAEB6A200F0B8A6 /* Debug */,
				17D1FF622CAEB6A200F0B8A6 /* Release */,
			);
			defaultConfigurationIsVisible = 0;
			defaultConfigurationName = Release;
		};
		8475650F21EFCC4A0094ED94 /* Build configuration list for PBXProject "ApproovShapes" */ = {
			isa = XCConfigurationList;
			buildConfigurations = (
				8475652421EFCC4B0094ED94 /* Debug */,
				8475652521EFCC4B0094ED94 /* Release */,
			);
			defaultConfigurationIsVisible = 0;
			defaultConfigurationName = Release;
		};
		8475652621EFCC4B0094ED94 /* Build configuration list for PBXNativeTarget "ApproovShapes" */ = {
			isa = XCConfigurationList;
			buildConfigurations = (
				8475652721EFCC4B0094ED94 /* Debug */,
				8475652821EFCC4B0094ED94 /* Release */,
			);
			defaultConfigurationIsVisible = 0;
			defaultConfigurationName = Release;
		};
/* End XCConfigurationList section */
	};
	rootObject = 8475650C21EFCC4A0094ED94 /* Project object */;
}
